
Microsoft Visual Studio Solution File, Format Version 12.00
# Visual Studio Version 17
VisualStudioVersion = 17.8.34330.188
MinimumVisualStudioVersion = 10.0.40219.1
Project("{FAE04EC0-301F-11D3-BF4B-00C04F79EFBC}") = "Dumpa_CPE Project", "Dumpa_CPE Project\Dumpa_CPE Project.csproj", "{FD2CEEF2-EE5E-44DE-B955-195F5DBF5C5F}"
EndProject
Global
	GlobalSection(SolutionConfigurationPlatforms) = preSolution
		Debug|Any CPU = Debug|Any CPU
		Debug|x64 = Debug|x64
		Release|Any CPU = Release|Any CPU
		Release|x64 = Release|x64
	EndGlobalSection
	GlobalSection(ProjectConfigurationPlatforms) = postSolution
		{FD2CEEF2-EE5E-44DE-B955-195F5DBF5C5F}.Debug|Any CPU.ActiveCfg = Debug|Any CPU
		{FD2CEEF2-EE5E-44DE-B955-195F5DBF5C5F}.Debug|Any CPU.Build.0 = Debug|Any CPU
		{FD2CEEF2-EE5E-44DE-B955-195F5DBF5C5F}.Debug|x64.ActiveCfg = Debug|x64
		{FD2CEEF2-EE5E-44DE-B955-195F5DBF5C5F}.Debug|x64.Build.0 = Debug|x64
		{FD2CEEF2-EE5E-44DE-B955-195F5DBF5C5F}.Release|Any CPU.ActiveCfg = Release|Any CPU
		{FD2CEEF2-EE5E-44DE-B955-195F5DBF5C5F}.Release|Any CPU.Build.0 = Release|Any CPU
		{FD2CEEF2-EE5E-44DE-B955-195F5DBF5C5F}.Release|x64.ActiveCfg = Release|x64
		{FD2CEEF2-EE5E-44DE-B955-195F5DBF5C5F}.Release|x64.Build.0 = Release|x64
	EndGlobalSection
	GlobalSection(SolutionProperties) = preSolution
		HideSolutionNode = FALSE
	EndGlobalSection
	GlobalSection(ExtensibilityGlobals) = postSolution
		SolutionGuid = {976AE059-A0D2-4A4D-98FD-D817D5445A7F}
	EndGlobalSection
EndGlobal
